
Microsoft Visual Studio Solution File, Format Version 12.00
# Visual Studio Version 17
VisualStudioVersion = 17.5.002.0
MinimumVisualStudioVersion = 10.0.40219.1
Project("{9A19103F-16F7-4668-BE54-9A1E7A4F7556}") = "Wedding.Api", "Wedding.Api.csproj", "{73E018F8-64D2-46E5-875E-49808DA27A36}"
EndProject
Global
	GlobalSection(SolutionConfigurationPlatforms) = preSolution
		Debug|Any CPU = Debug|Any CPU
		Release|Any CPU = Release|Any CPU
	EndGlobalSection
	GlobalSection(ProjectConfigurationPlatforms) = postSolution
		{73E018F8-64D2-46E5-875E-49808DA27A36}.Debug|Any CPU.ActiveCfg = Debug|Any CPU
		{73E018F8-64D2-46E5-875E-49808DA27A36}.Debug|Any CPU.Build.0 = Debug|Any CPU
		{73E018F8-64D2-46E5-875E-49808DA27A36}.Release|Any CPU.ActiveCfg = Release|Any CPU
		{73E018F8-64D2-46E5-875E-49808DA27A36}.Release|Any CPU.Build.0 = Release|Any CPU
	EndGlobalSection
	GlobalSection(SolutionProperties) = preSolution
		HideSolutionNode = FALSE
	EndGlobalSection
	GlobalSection(ExtensibilityGlobals) = postSolution
		SolutionGuid = {2F78635F-BFC0-4D90-A20F-0DA10655C44E}
	EndGlobalSection
EndGlobal
